
Microsoft Visual Studio Solution File, Format Version 12.00
# Visual Studio Version 17
VisualStudioVersion = 17.5.002.0
MinimumVisualStudioVersion = 10.0.40219.1
Project("{9A19103F-16F7-4668-BE54-9A1E7A4F7556}") = "day6", "day6.csproj", "{947D4A0D-BB42-44F3-A26D-6060004B92F5}"
EndProject
Global
	GlobalSection(SolutionConfigurationPlatforms) = preSolution
		Debug|Any CPU = Debug|Any CPU
		Release|Any CPU = Release|Any CPU
	EndGlobalSection
	GlobalSection(ProjectConfigurationPlatforms) = postSolution
		{947D4A0D-BB42-44F3-A26D-6060004B92F5}.Debug|Any CPU.ActiveCfg = Debug|Any CPU
		{947D4A0D-BB42-44F3-A26D-6060004B92F5}.Debug|Any CPU.Build.0 = Debug|Any CPU
		{947D4A0D-BB42-44F3-A26D-6060004B92F5}.Release|Any CPU.ActiveCfg = Release|Any CPU
		{947D4A0D-BB42-44F3-A26D-6060004B92F5}.Release|Any CPU.Build.0 = Release|Any CPU
	EndGlobalSection
	GlobalSection(SolutionProperties) = preSolution
		HideSolutionNode = FALSE
	EndGlobalSection
	GlobalSection(ExtensibilityGlobals) = postSolution
		SolutionGuid = {A8D2D0E2-01B1-49BA-9B3D-CDE184FF5C29}
	EndGlobalSection
EndGlobal
